
Microsoft Visual Studio Solution File, Format Version 12.00
# Visual Studio 14
VisualStudioVersion = 14.0.25420.1
MinimumVisualStudioVersion = 10.0.40219.1
Project("{FAE04EC0-301F-11D3-BF4B-00C04F79EFBC}") = "AuthnSpike.Lib", "AuthnSpike.Lib\AuthnSpike.Lib.csproj", "{7468E172-529D-41F3-9751-C8378F6D13F2}"
EndProject
Project("{FAE04EC0-301F-11D3-BF4B-00C04F79EFBC}") = "AuthSpike.Specs", "AuthSpike.Specs\AuthSpike.Specs.csproj", "{2619DB30-F491-4B78-8DA9-C42DA5E491BB}"
EndProject
Global
	GlobalSection(SolutionConfigurationPlatforms) = preSolution
		Debug|Any CPU = Debug|Any CPU
		Release|Any CPU = Release|Any CPU
	EndGlobalSection
	GlobalSection(ProjectConfigurationPlatforms) = postSolution
		{7468E172-529D-41F3-9751-C8378F6D13F2}.Debug|Any CPU.ActiveCfg = Debug|Any CPU
		{7468E172-529D-41F3-9751-C8378F6D13F2}.Debug|Any CPU.Build.0 = Debug|Any CPU
		{7468E172-529D-41F3-9751-C8378F6D13F2}.Release|Any CPU.ActiveCfg = Release|Any CPU
		{7468E172-529D-41F3-9751-C8378F6D13F2}.Release|Any CPU.Build.0 = Release|Any CPU
		{2619DB30-F491-4B78-8DA9-C42DA5E491BB}.Debug|Any CPU.ActiveCfg = Debug|Any CPU
		{2619DB30-F491-4B78-8DA9-C42DA5E491BB}.Debug|Any CPU.Build.0 = Debug|Any CPU
		{2619DB30-F491-4B78-8DA9-C42DA5E491BB}.Release|Any CPU.ActiveCfg = Release|Any CPU
		{2619DB30-F491-4B78-8DA9-C42DA5E491BB}.Release|Any CPU.Build.0 = Release|Any CPU
	EndGlobalSection
	GlobalSection(SolutionProperties) = preSolution
		HideSolutionNode = FALSE
	EndGlobalSection
EndGlobal
